
Microsoft Visual Studio Solution File, Format Version 12.00
# Visual Studio Version 17
VisualStudioVersion = 17.6.33815.320
MinimumVisualStudioVersion = 10.0.40219.1
Project("{FAE04EC0-301F-11D3-BF4B-00C04F79EFBC}") = "Ecommerce.API", "Ecommerce.API.csproj", "{2EA16DDF-F9B4-458A-90D4-3108E8FF5C4A}"
EndProject
Global
	GlobalSection(SolutionConfigurationPlatforms) = preSolution
		Debug|Any CPU = Debug|Any CPU
		Release|Any CPU = Release|Any CPU
	EndGlobalSection
	GlobalSection(ProjectConfigurationPlatforms) = postSolution
		{2EA16DDF-F9B4-458A-90D4-3108E8FF5C4A}.Debug|Any CPU.ActiveCfg = Debug|Any CPU
		{2EA16DDF-F9B4-458A-90D4-3108E8FF5C4A}.Debug|Any CPU.Build.0 = Debug|Any CPU
		{2EA16DDF-F9B4-458A-90D4-3108E8FF5C4A}.Release|Any CPU.ActiveCfg = Release|Any CPU
		{2EA16DDF-F9B4-458A-90D4-3108E8FF5C4A}.Release|Any CPU.Build.0 = Release|Any CPU
	EndGlobalSection
	GlobalSection(SolutionProperties) = preSolution
		HideSolutionNode = FALSE
	EndGlobalSection
	GlobalSection(ExtensibilityGlobals) = postSolution
		SolutionGuid = {A05CACDA-F244-4700-91CB-30110BDE99FE}
	EndGlobalSection
EndGlobal
